// !$*UTF8*$!
{
	archiveVersion = 1;
	classes = {
	};
	objectVersion = 46;
	objects = {

/* Begin PBXBuildFile section */
		976A0AA61E75EF8C00E029C9 /* AppDelegate.swift in Sources */ = {isa = PBXBuildFile; fileRef = 976A0AA51E75EF8C00E029C9 /* AppDelegate.swift */; };
		976A0AA81E75EF8C00E029C9 /* ViewController.swift in Sources */ = {isa = PBXBuildFile; fileRef = 976A0AA71E75EF8C00E029C9 /* ViewController.swift */; };
		976A0AAB1E75EF8C00E029C9 /* Main.storyboard in Resources */ = {isa = PBXBuildFile; fileRef = 976A0AA91E75EF8C00E029C9 /* Main.storyboard */; };
		976A0AAD1E75EF8C00E029C9 /* Assets.xcassets in Resources */ = {isa = PBXBuildFile; fileRef = 976A0AAC1E75EF8C00E029C9 /* Assets.xcassets */; };
		976A0AB01E75EF8C00E029C9 /* LaunchScreen.storyboard in Resources */ = {isa = PBXBuildFile; fileRef = 976A0AAE1E75EF8C00E029C9 /* LaunchScreen.storyboard */; };
		976A0ABB1E75EF8C00E029C9 /* TipCalcTests.swift in Sources */ = {isa = PBXBuildFile; fileRef = 976A0ABA1E75EF8C00E029C9 /* TipCalcTests.swift */; };
		976A0AC61E75EF8C00E029C9 /* TipCalcUITests.swift in Sources */ = {isa = PBXBuildFile; fileRef = 976A0AC51E75EF8C00E029C9 /* TipCalcUITests.swift */; };
		976A0AD41E760A5600E029C9 /* SettingsViewController.swift in Sources */ = {isa = PBXBuildFile; fileRef = 976A0AD31E760A5600E029C9 /* SettingsViewController.swift */; };
/* End PBXBuildFile section */

/* Begin PBXContainerItemProxy section */
		976A0AB71E75EF8C00E029C9 /* PBXContainerItemProxy */ = {
			isa = PBXContainerItemProxy;
			containerPortal = 976A0A9A1E75EF8C00E029C9 /* Project object */;
			proxyType = 1;
			remoteGlobalIDString = 976A0AA11E75EF8C00E029C9;
			remoteInfo = TipCalc;
		};
		976A0AC21E75EF8C00E029C9 /* PBXContainerItemProxy */ = {
			isa = PBXContainerItemProxy;
			containerPortal = 976A0A9A1E75EF8C00E029C9 /* Project object */;
			proxyType = 1;
			remoteGlobalIDString = 976A0AA11E75EF8C00E029C9;
			remoteInfo = TipCalc;
		};
/* End PBXContainerItemProxy section */

/* Begin PBXFileReference section */
		976A0AA21E75EF8C00E029C9 /* TipCalc.app */ = {isa = PBXFileReference; explicitFileType = wrapper.application; includeInIndex = 0; path = TipCalc.app; sourceTree = BUILT_PRODUCTS_DIR; };
		976A0AA51E75EF8C00E029C9 /* AppDelegate.swift */ = {isa = PBXFileReference; lastKnownFileType = sourcecode.swift; path = AppDelegate.swift; sourceTree = "<group>"; };
		976A0AA71E75EF8C00E029C9 /* ViewController.swift */ = {isa = PBXFileReference; lastKnownFileType = sourcecode.swift; path = ViewController.swift; sourceTree = "<group>"; };
		976A0AAA1E75EF8C00E029C9 /* Base */ = {isa = PBXFileReference; lastKnownFileType = file.storyboard; name = Base; path = Base.lproj/Main.storyboard; sourceTree = "<group>"; };
		976A0AAC1E75EF8C00E029C9 /* Assets.xcassets */ = {isa = PBXFileReference; lastKnownFileType = folder.assetcatalog; path = Assets.xcassets; sourceTree = "<group>"; };
		976A0AAF1E75EF8C00E029C9 /* Base */ = {isa = PBXFileReference; lastKnownFileType = file.storyboard; name = Base; path = Base.lproj/LaunchScreen.storyboard; sourceTree = "<group>"; };
		976A0AB11E75EF8C00E029C9 /* Info.plist */ = {isa = PBXFileReference; lastKnownFileType = text.plist.xml; path = Info.plist; sourceTree = "<group>"; };
		976A0AB61E75EF8C00E029C9 /* TipCalcTests.xctest */ = {isa = PBXFileReference; explicitFileType = wrapper.cfbundle; includeInIndex = 0; path = TipCalcTests.xctest; sourceTree = BUILT_PRODUCTS_DIR; };
		976A0ABA1E75EF8C00E029C9 /* TipCalcTests.swift */ = {isa = PBXFileReference; lastKnownFileType = sourcecode.swift; path = TipCalcTests.swift; sourceTree = "<group>"; };
		976A0ABC1E75EF8C00E029C9 /* Info.plist */ = {isa = PBXFileReference; lastKnownFileType = text.plist.xml; path = Info.plist; sourceTree = "<group>"; };
		976A0AC11E75EF8C00E029C9 /* TipCalcUITests.xctest */ = {isa = PBXFileReference; explicitFileType = wrapper.cfbundle; includeInIndex = 0; path = TipCalcUITests.xctest; sourceTree = BUILT_PRODUCTS_DIR; };
		976A0AC51E75EF8C00E029C9 /* TipCalcUITests.swift */ = {isa = PBXFileReference; lastKnownFileType = sourcecode.swift; path = TipCalcUITests.swift; sourceTree = "<group>"; };
		976A0AC71E75EF8C00E029C9 /* Info.plist */ = {isa = PBXFileReference; lastKnownFileType = text.plist.xml; path = Info.plist; sourceTree = "<group>"; };
		976A0AD31E760A5600E029C9 /* SettingsViewController.swift */ = {isa = PBXFileReference; fileEncoding = 4; lastKnownFileType = sourcecode.swift; path = SettingsViewController.swift; sourceTree = "<group>"; };
/* End PBXFileReference section */

/* Begin PBXFrameworksBuildPhase section */
		976A0A9F1E75EF8C00E029C9 /* Frameworks */ = {
			isa = PBXFrameworksBuildPhase;
			buildActionMask = 2147483647;
			files = (
			);
			runOnlyForDeploymentPostprocessing = 0;
		};
		976A0AB31E75EF8C00E029C9 /* Frameworks */ = {
			isa = PBXFrameworksBuildPhase;
			buildActionMask = 2147483647;
			files = (
			);
			runOnlyForDeploymentPostprocessing = 0;
		};
		976A0ABE1E75EF8C00E029C9 /* Frameworks */ = {
			isa = PBXFrameworksBuildPhase;
			buildActionMask = 2147483647;
			files = (
			);
			runOnlyForDeploymentPostprocessing = 0;
		};
/* End PBXFrameworksBuildPhase section */

/* Begin PBXGroup section */
		976A0A991E75EF8C00E029C9 = {
			isa = PBXGroup;
			children = (
				976A0AA41E75EF8C00E029C9 /* TipCalc */,
				976A0AB91E75EF8C00E029C9 /* TipCalcTests */,
				976A0AC41E75EF8C00E029C9 /* TipCalcUITests */,
				976A0AA31E75EF8C00E029C9 /* Products */,
			);
			sourceTree = "<group>";
		};
		976A0AA31E75EF8C00E029C9 /* Products */ = {
			isa = PBXGroup;
			children = (
				976A0AA21E75EF8C00E029C9 /* TipCalc.app */,
				976A0AB61E75EF8C00E029C9 /* TipCalcTests.xctest */,
				976A0AC11E75EF8C00E029C9 /* TipCalcUITests.xctest */,
			);
			name = Products;
			sourceTree = "<group>";
		};
		976A0AA41E75EF8C00E029C9 /* TipCalc */ = {
			isa = PBXGroup;
			children = (
				976A0AA51E75EF8C00E029C9 /* AppDelegate.swift */,
				976A0AA71E75EF8C00E029C9 /* ViewController.swift */,
				976A0AA91E75EF8C00E029C9 /* Main.storyboard */,
				976A0AD31E760A5600E029C9 /* SettingsViewController.swift */,
				976A0AAC1E75EF8C00E029C9 /* Assets.xcassets */,
				976A0AAE1E75EF8C00E029C9 /* LaunchScreen.storyboard */,
				976A0AB11E75EF8C00E029C9 /* Info.plist */,
			);
			path = TipCalc;
			sourceTree = "<group>";
		};
		976A0AB91E75EF8C00E029C9 /* TipCalcTests */ = {
			isa = PBXGroup;
			children = (
				976A0ABA1E75EF8C00E029C9 /* TipCalcTests.swift */,
				976A0ABC1E75EF8C00E029C9 /* Info.plist */,
			);
			path = TipCalcTests;
			sourceTree = "<group>";
		};
		976A0AC41E75EF8C00E029C9 /* TipCalcUITests */ = {
			isa = PBXGroup;
			children = (
				976A0AC51E75EF8C00E029C9 /* TipCalcUITests.swift */,
				976A0AC71E75EF8C00E029C9 /* Info.plist */,
			);
			path = TipCalcUITests;
			sourceTree = "<group>";
		};
/* End PBXGroup section */

/* Begin PBXNativeTarget section */
		976A0AA11E75EF8C00E029C9 /* TipCalc */ = {
			isa = PBXNativeTarget;
			buildConfigurationList = 976A0ACA1E75EF8C00E029C9 /* Build configuration list for PBXNativeTarget "TipCalc" */;
			buildPhases = (
				976A0A9E1E75EF8C00E029C9 /* Sources */,
				976A0A9F1E75EF8C00E029C9 /* Frameworks */,
				976A0AA01E75EF8C00E029C9 /* Resources */,
			);
			buildRules = (
			);
			dependencies = (
			);
			name = TipCalc;
			productName = TipCalc;
			productReference = 976A0AA21E75EF8C00E029C9 /* TipCalc.app */;
			productType = "com.apple.product-type.application";
		};
		976A0AB51E75EF8C00E029C9 /* TipCalcTests */ = {
			isa = PBXNativeTarget;
			buildConfigurationList = 976A0ACD1E75EF8C00E029C9 /* Build configuration list for PBXNativeTarget "TipCalcTests" */;
			buildPhases = (
				976A0AB21E75EF8C00E029C9 /* Sources */,
				976A0AB31E75EF8C00E029C9 /* Frameworks */,
				976A0AB41E75EF8C00E029C9 /* Resources */,
			);
			buildRules = (
			);
			dependencies = (
				976A0AB81E75EF8C00E029C9 /* PBXTargetDependency */,
			);
			name = TipCalcTests;
			productName = TipCalcTests;
			productReference = 976A0AB61E75EF8C00E029C9 /* TipCalcTests.xctest */;
			productType = "com.apple.product-type.bundle.unit-test";
		};
		976A0AC01E75EF8C00E029C9 /* TipCalcUITests */ = {
			isa = PBXNativeTarget;
			buildConfigurationList = 976A0AD01E75EF8C00E029C9 /* Build configuration list for PBXNativeTarget "TipCalcUITests" */;
			buildPhases = (
				976A0ABD1E75EF8C00E029C9 /* Sources */,
				976A0ABE1E75EF8C00E029C9 /* Frameworks */,
				976A0ABF1E75EF8C00E029C9 /* Resources */,
			);
			buildRules = (
			);
			dependencies = (
				976A0AC31E75EF8C00E029C9 /* PBXTargetDependency */,
			);
			name = TipCalcUITests;
			productName = TipCalcUITests;
			productReference = 976A0AC11E75EF8C00E029C9 /* TipCalcUITests.xctest */;
			productType = "com.apple.product-type.bundle.ui-testing";
		};
/* End PBXNativeTarget section */

/* Begin PBXProject section */
		976A0A9A1E75EF8C00E029C9 /* Project object */ = {
			isa = PBXProject;
			attributes = {
				LastSwiftUpdateCheck = 0820;
				LastUpgradeCheck = 0820;
				ORGANIZATIONNAME = "Puneet Bhagat";
				TargetAttributes = {
					976A0AA11E75EF8C00E029C9 = {
						CreatedOnToolsVersion = 8.2.1;
						ProvisioningStyle = Automatic;
					};
					976A0AB51E75EF8C00E029C9 = {
						CreatedOnToolsVersion = 8.2.1;
						ProvisioningStyle = Automatic;
						TestTargetID = 976A0AA11E75EF8C00E029C9;
					};
					976A0AC01E75EF8C00E029C9 = {
						CreatedOnToolsVersion = 8.2.1;
						ProvisioningStyle = Automatic;
						TestTargetID = 976A0AA11E75EF8C00E029C9;
					};
				};
			};
			buildConfigurationList = 976A0A9D1E75EF8C00E029C9 /* Build configuration list for PBXProject "TipCalc" */;
			compatibilityVersion = "Xcode 3.2";
			developmentRegion = English;
			hasScannedForEncodings = 0;
			knownRegions = (
				en,
				Base,
			);
			mainGroup = 976A0A991E75EF8C00E029C9;
			productRefGroup = 976A0AA31E75EF8C00E029C9 /* Products */;
			projectDirPath = "";
			projectRoot = "";
			targets = (
				976A0AA11E75EF8C00E029C9 /* TipCalc */,
				976A0AB51E75EF8C00E029C9 /* TipCalcTests */,
				976A0AC01E75EF8C00E029C9 /* TipCalcUITests */,
			);
		};
/* End PBXProject section */

/* Begin PBXResourcesBuildPhase section */
		976A0AA01E75EF8C00E029C9 /* Resources */ = {
			isa = PBXResourcesBuildPhase;
			buildActionMask = 2147483647;
			files = (
				976A0AB01E75EF8C00E029C9 /* LaunchScreen.storyboard in Resources */,
				976A0AAD1E75EF8C00E029C9 /* Assets.xcassets in Resources */,
				976A0AAB1E75EF8C00E029C9 /* Main.storyboard in Resources */,
			);
			runOnlyForDeploymentPostprocessing = 0;
		};
		976A0AB41E75EF8C00E029C9 /* Resources */ = {
			isa = PBXResourcesBuildPhase;
			buildActionMask = 2147483647;
			files = (
			);
			runOnlyForDeploymentPostprocessing = 0;
		};
		976A0ABF1E75EF8C00E029C9 /* Resources */ = {
			isa = PBXResourcesBuildPhase;
			buildActionMask = 2147483647;
			files = (
			);
			runOnlyForDeploymentPostprocessing = 0;
		};
/* End PBXResourcesBuildPhase section */

/* Begin PBXSourcesBuildPhase section */
		976A0A9E1E75EF8C00E029C9 /* Sources */ = {
			isa = PBXSourcesBuildPhase;
			buildActionMask = 2147483647;
			files = (
				976A0AA81E75EF8C00E029C9 /* ViewController.swift in Sources */,
				976A0AA61E75EF8C00E029C9 /* AppDelegate.swift in Sources */,
				976A0AD41E760A5600E029C9 /* SettingsViewController.swift in Sources */,
			);
			runOnlyForDeploymentPostprocessing = 0;
		};
		976A0AB21E75EF8C00E029C9 /* Sources */ = {
			isa = PBXSourcesBuildPhase;
			buildActionMask = 2147483647;
			files = (
				976A0ABB1E75EF8C00E029C9 /* TipCalcTests.swift in Sources */,
			);
			runOnlyForDeploymentPostprocessing = 0;
		};
		976A0ABD1E75EF8C00E029C9 /* Sources */ = {
			isa = PBXSourcesBuildPhase;
			buildActionMask = 2147483647;
			files = (
				976A0AC61E75EF8C00E029C9 /* TipCalcUITests.swift in Sources */,
			);
			runOnlyForDeploymentPostprocessing = 0;
		};
/* End PBXSourcesBuildPhase section */

/* Begin PBXTargetDependency section */
		976A0AB81E75EF8C00E029C9 /* PBXTargetDependency */ = {
			isa = PBXTargetDependency;
			target = 976A0AA11E75EF8C00E029C9 /* TipCalc */;
			targetProxy = 976A0AB71E75EF8C00E029C9 /* PBXContainerItemProxy */;
		};
		976A0AC31E75EF8C00E029C9 /* PBXTargetDependency */ = {
			isa = PBXTargetDependency;
			target = 976A0AA11E75EF8C00E029C9 /* TipCalc */;
			targetProxy = 976A0AC21E75EF8C00E029C9 /* PBXContainerItemProxy */;
		};
/* End PBXTargetDependency section */

/* Begin PBXVariantGroup section */
		976A0AA91E75EF8C00E029C9 /* Main.storyboard */ = {
			isa = PBXVariantGroup;
			children = (
				976A0AAA1E75EF8C00E029C9 /* Base */,
			);
			name = Main.storyboard;
			sourceTree = "<group>";
		};
		976A0AAE1E75EF8C00E029C9 /* LaunchScreen.storyboard */ = {
			isa = PBXVariantGroup;
			children = (
				976A0AAF1E75EF8C00E029C9 /* Base */,
			);
			name = LaunchScreen.storyboard;
			sourceTree = "<group>";
		};
/* End PBXVariantGroup section */

/* Begin XCBuildConfiguration section */
		976A0AC81E75EF8C00E029C9 /* Debug */ = {
			isa = XCBuildConfiguration;
			buildSettings = {
				ALWAYS_SEARCH_USER_PATHS = NO;
				CLANG_ANALYZER_NONNULL = YES;
				CLANG_CXX_LANGUAGE_STANDARD = "gnu++0x";
				CLANG_CXX_LIBRARY = "libc++";
				CLANG_ENABLE_MODULES = YES;
				CLANG_ENABLE_OBJC_ARC = YES;
				CLANG_WARN_BOOL_CONVERSION = YES;
				CLANG_WARN_CONSTANT_CONVERSION = YES;
				CLANG_WARN_DIRECT_OBJC_ISA_USAGE = YES_ERROR;
				CLANG_WARN_DOCUMENTATION_COMMENTS = YES;
				CLANG_WARN_EMPTY_BODY = YES;
				CLANG_WARN_ENUM_CONVERSION = YES;
				CLANG_WARN_INFINITE_RECURSION = YES;
				CLANG_WARN_INT_CONVERSION = YES;
				CLANG_WARN_OBJC_ROOT_CLASS = YES_ERROR;
				CLANG_WARN_SUSPICIOUS_MOVE = YES;
				CLANG_WARN_UNREACHABLE_CODE = YES;
				CLANG_WARN__DUPLICATE_METHOD_MATCH = YES;
				"CODE_SIGN_IDENTITY[sdk=iphoneos*]" = "iPhone Developer";
				COPY_PHASE_STRIP = NO;
				DEBUG_INFORMATION_FORMAT = dwarf;
				ENABLE_STRICT_OBJC_MSGSEND = YES;
				ENABLE_TESTABILITY = YES;
				GCC_C_LANGUAGE_STANDARD = gnu99;
				GCC_DYNAMIC_NO_PIC = NO;
				GCC_NO_COMMON_BLOCKS = YES;
				GCC_OPTIMIZATION_LEVEL = 0;
				GCC_PREPROCESSOR_DEFINITIONS = (
					"DEBUG=1",
					"$(inherited)",
				);
				GCC_WARN_64_TO_32_BIT_CONVERSION = YES;
				GCC_WARN_ABOUT_RETURN_TYPE = YES_ERROR;
				GCC_WARN_UNDECLARED_SELECTOR = YES;
				GCC_WARN_UNINITIALIZED_AUTOS = YES_AGGRESSIVE;
				GCC_WARN_UNUSED_FUNCTION = YES;
				GCC_WARN_UNUSED_VARIABLE = YES;
				IPHONEOS_DEPLOYMENT_TARGET = 10.2;
				MTL_ENABLE_DEBUG_INFO = YES;
				ONLY_ACTIVE_ARCH = YES;
				SDKROOT = iphoneos;
				SWIFT_ACTIVE_COMPILATION_CONDITIONS = DEBUG;
				SWIFT_OPTIMIZATION_LEVEL = "-Onone";
				TARGETED_DEVICE_FAMILY = "1,2";
			};
			name = Debug;
		};
		976A0AC91E75EF8C00E029C9 /* Release */ = {
			isa = XCBuildConfiguration;
			buildSettings = {
				ALWAYS_SEARCH_USER_PATHS = NO;
				CLANG_ANALYZER_NONNULL = YES;
				CLANG_CXX_LANGUAGE_STANDARD = "gnu++0x";
				CLANG_CXX_LIBRARY = "libc++";
				CLANG_ENABLE_MODULES = YES;
				CLANG_ENABLE_OBJC_ARC = YES;
				CLANG_WARN_BOOL_CONVERSION = YES;
				CLANG_WARN_CONSTANT_CONVERSION = YES;
				CLANG_WARN_DIRECT_OBJC_ISA_USAGE = YES_ERROR;
				CLANG_WARN_DOCUMENTATION_COMMENTS = YES;
				CLANG_WARN_EMPTY_BODY = YES;
				CLANG_WARN_ENUM_CONVERSION = YES;
				CLANG_WARN_INFINITE_RECURSION = YES;
				CLANG_WARN_INT_CONVERSION = YES;
				CLANG_WARN_OBJC_ROOT_CLASS = YES_ERROR;
				CLANG_WARN_SUSPICIOUS_MOVE = YES;
				CLANG_WARN_UNREACHABLE_CODE = YES;
				CLANG_WARN__DUPLICATE_METHOD_MATCH = YES;
				"CODE_SIGN_IDENTITY[sdk=iphoneos*]" = "iPhone Developer";
				COPY_PHASE_STRIP = NO;
				DEBUG_INFORMATION_FORMAT = "dwarf-with-dsym";
				ENABLE_NS_ASSERTIONS = NO;
				ENABLE_STRICT_OBJC_MSGSEND = YES;
				GCC_C_LANGUAGE_STANDARD = gnu99;
				GCC_NO_COMMON_BLOCKS = YES;
				GCC_WARN_64_TO_32_BIT_CONVERSION = YES;
				GCC_WARN_ABOUT_RETURN_TYPE = YES_ERROR;
				GCC_WARN_UNDECLARED_SELECTOR = YES;
				GCC_WARN_UNINITIALIZED_AUTOS = YES_AGGRESSIVE;
				GCC_WARN_UNUSED_FUNCTION = YES;
				GCC_WARN_UNUSED_VARIABLE = YES;
				IPHONEOS_DEPLOYMENT_TARGET = 10.2;
				MTL_ENABLE_DEBUG_INFO = NO;
				SDKROOT = iphoneos;
				SWIFT_OPTIMIZATION_LEVEL = "-Owholemodule";
				TARGETED_DEVICE_FAMILY = "1,2";
				VALIDATE_PRODUCT = YES;
			};
			name = Release;
		};
		976A0ACB1E75EF8C00E029C9 /* Debug */ = {
			isa = XCBuildConfiguration;
			buildSettings = {
				ASSETCATALOG_COMPILER_APPICON_NAME = AppIcon;
				INFOPLIST_FILE = TipCalc/Info.plist;
				LD_RUNPATH_SEARCH_PATHS = "$(inherited) @executable_path/Frameworks";
				PRODUCT_BUNDLE_IDENTIFIER = pb.TipCalc;
				PRODUCT_NAME = "$(TARGET_NAME)";
				SWIFT_VERSION = 3.0;
			};
			name = Debug;
		};
		976A0ACC1E75EF8C00E029C9 /* Release */ = {
			isa = XCBuildConfiguration;
			buildSettings = {
				ASSETCATALOG_COMPILER_APPICON_NAME = AppIcon;
				INFOPLIST_FILE = TipCalc/Info.plist;
				LD_RUNPATH_SEARCH_PATHS = "$(inherited) @executable_path/Frameworks";
				PRODUCT_BUNDLE_IDENTIFIER = pb.TipCalc;
				PRODUCT_NAME = "$(TARGET_NAME)";
				SWIFT_VERSION = 3.0;
			};
			name = Release;
		};
		976A0ACE1E75EF8C00E029C9 /* Debug */ = {
			isa = XCBuildConfiguration;
			buildSettings = {
				ALWAYS_EMBED_SWIFT_STANDARD_LIBRARIES = YES;
				BUNDLE_LOADER = "$(TEST_HOST)";
				INFOPLIST_FILE = TipCalcTests/Info.plist;
				LD_RUNPATH_SEARCH_PATHS = "$(inherited) @executable_path/Frameworks @loader_path/Frameworks";
				PRODUCT_BUNDLE_IDENTIFIER = pb.TipCalcTests;
				PRODUCT_NAME = "$(TARGET_NAME)";
				SWIFT_VERSION = 3.0;
				TEST_HOST = "$(BUILT_PRODUCTS_DIR)/TipCalc.app/TipCalc";
			};
			name = Debug;
		};
		976A0ACF1E75EF8C00E029C9 /* Release */ = {
			isa = XCBuildConfiguration;
			buildSettings = {
				ALWAYS_EMBED_SWIFT_STANDARD_LIBRARIES = YES;
				BUNDLE_LOADER = "$(TEST_HOST)";
				INFOPLIST_FILE = TipCalcTests/Info.plist;
				LD_RUNPATH_SEARCH_PATHS = "$(inherited) @executable_path/Frameworks @loader_path/Frameworks";
				PRODUCT_BUNDLE_IDENTIFIER = pb.TipCalcTests;
				PRODUCT_NAME = "$(TARGET_NAME)";
				SWIFT_VERSION = 3.0;
				TEST_HOST = "$(BUILT_PRODUCTS_DIR)/TipCalc.app/TipCalc";
			};
			name = Release;
		};
		976A0AD11E75EF8C00E029C9 /* Debug */ = {
			isa = XCBuildConfiguration;
			buildSettings = {
				ALWAYS_EMBED_SWIFT_STANDARD_LIBRARIES = YES;
				INFOPLIST_FILE = TipCalcUITests/Info.plist;
				LD_RUNPATH_SEARCH_PATHS = "$(inherited) @executable_path/Frameworks @loader_path/Frameworks";
				PRODUCT_BUNDLE_IDENTIFIER = pb.TipCalcUITests;
				PRODUCT_NAME = "$(TARGET_NAME)";
				SWIFT_VERSION = 3.0;
				TEST_TARGET_NAME = TipCalc;
			};
			name = Debug;
		};
		976A0AD21E75EF8C00E029C9 /* Release */ = {
			isa = XCBuildConfiguration;
			buildSettings = {
				ALWAYS_EMBED_SWIFT_STANDARD_LIBRARIES = YES;
				INFOPLIST_FILE = TipCalcUITests/Info.plist;
				LD_RUNPATH_SEARCH_PATHS = "$(inherited) @executable_path/Frameworks @loader_path/Frameworks";
				PRODUCT_BUNDLE_IDENTIFIER = pb.TipCalcUITests;
				PRODUCT_NAME = "$(TARGET_NAME)";
				SWIFT_VERSION = 3.0;
				TEST_TARGET_NAME = TipCalc;
			};
			name = Release;
		};
/* End XCBuildConfiguration section */

/* Begin XCConfigurationList section */
		976A0A9D1E75EF8C00E029C9 /* Build configuration list for PBXProject "TipCalc" */ = {
			isa = XCConfigurationList;
			buildConfigurations = (
				976A0AC81E75EF8C00E029C9 /* Debug */,
				976A0AC91E75EF8C00E029C9 /* Release */,
			);
			defaultConfigurationIsVisible = 0;
			defaultConfigurationName = Release;
		};
		976A0ACA1E75EF8C00E029C9 /* Build configuration list for PBXNativeTarget "TipCalc" */ = {
			isa = XCConfigurationList;
			buildConfigurations = (
				976A0ACB1E75EF8C00E029C9 /* Debug */,
				976A0ACC1E75EF8C00E029C9 /* Release */,
			);
			defaultConfigurationIsVisible = 0;
		};
		976A0ACD1E75EF8C00E029C9 /* Build configuration list for PBXNativeTarget "TipCalcTests" */ = {
			isa = XCConfigurationList;
			buildConfigurations = (
				976A0ACE1E75EF8C00E029C9 /* Debug */,
				976A0ACF1E75EF8C00E029C9 /* Release */,
			);
			defaultConfigurationIsVisible = 0;
		};
		976A0AD01E75EF8C00E029C9 /* Build configuration list for PBXNativeTarget "TipCalcUITests" */ = {
			isa = XCConfigurationList;
			buildConfigurations = (
				976A0AD11E75EF8C00E029C9 /* Debug */,
				976A0AD21E75EF8C00E029C9 /* Release */,
			);
			defaultConfigurationIsVisible = 0;
		};
/* End XCConfigurationList section */
	};
	rootObject = 976A0A9A1E75EF8C00E029C9 /* Project object */;
}
